// !$*UTF8*$!
{
	archiveVersion = 1;
	classes = {
	};
	objectVersion = 56;
	objects = {

/* Begin PBXBuildFile section */
		A25348B529D32DD40055E6E7 /* AppDelegate.swift in Sources */ = {isa = PBXBuildFile; fileRef = A25348B429D32DD40055E6E7 /* AppDelegate.swift */; };
		A25348B729D32DD40055E6E7 /* SceneDelegate.swift in Sources */ = {isa = PBXBuildFile; fileRef = A25348B629D32DD40055E6E7 /* SceneDelegate.swift */; };
		A25348B929D32DD40055E6E7 /* ViewController.swift in Sources */ = {isa = PBXBuildFile; fileRef = A25348B829D32DD40055E6E7 /* ViewController.swift */; };
		A25348BC29D32DD40055E6E7 /* Main.storyboard in Resources */ = {isa = PBXBuildFile; fileRef = A25348BA29D32DD40055E6E7 /* Main.storyboard */; };
		A25348BF29D32DD40055E6E7 /* weatherApp3.xcdatamodeld in Sources */ = {isa = PBXBuildFile; fileRef = A25348BD29D32DD40055E6E7 /* weatherApp3.xcdatamodeld */; };
		A25348C129D32DD40055E6E7 /* Assets.xcassets in Resources */ = {isa = PBXBuildFile; fileRef = A25348C029D32DD40055E6E7 /* Assets.xcassets */; };
		A25348C429D32DD40055E6E7 /* LaunchScreen.storyboard in Resources */ = {isa = PBXBuildFile; fileRef = A25348C229D32DD40055E6E7 /* LaunchScreen.storyboard */; };
		A25348CD29D32F210055E6E7 /* disagnableView.swift in Sources */ = {isa = PBXBuildFile; fileRef = A25348CC29D32F210055E6E7 /* disagnableView.swift */; };
		A25348CF29D32F2B0055E6E7 /* disagnableButton.swift in Sources */ = {isa = PBXBuildFile; fileRef = A25348CE29D32F2B0055E6E7 /* disagnableButton.swift */; };
		A25348D229D32F420055E6E7 /* weatherApi.swift in Sources */ = {isa = PBXBuildFile; fileRef = A25348D129D32F420055E6E7 /* weatherApi.swift */; };
		A25348D429D32F4C0055E6E7 /* coreData.swift in Sources */ = {isa = PBXBuildFile; fileRef = A25348D329D32F4C0055E6E7 /* coreData.swift */; };
		A25348D629D32FD30055E6E7 /* weatherTableViewCell.swift in Sources */ = {isa = PBXBuildFile; fileRef = A25348D529D32FD30055E6E7 /* weatherTableViewCell.swift */; };
		A25348D929D330070055E6E7 /* addCityViewController.swift in Sources */ = {isa = PBXBuildFile; fileRef = A25348D829D330070055E6E7 /* addCityViewController.swift */; };
/* End PBXBuildFile section */

/* Begin PBXFileReference section */
		A25348B129D32DD40055E6E7 /* weatherApp3.app */ = {isa = PBXFileReference; explicitFileType = wrapper.application; includeInIndex = 0; path = weatherApp3.app; sourceTree = BUILT_PRODUCTS_DIR; };
		A25348B429D32DD40055E6E7 /* AppDelegate.swift */ = {isa = PBXFileReference; lastKnownFileType = sourcecode.swift; path = AppDelegate.swift; sourceTree = "<group>"; };
		A25348B629D32DD40055E6E7 /* SceneDelegate.swift */ = {isa = PBXFileReference; lastKnownFileType = sourcecode.swift; path = SceneDelegate.swift; sourceTree = "<group>"; };
		A25348B829D32DD40055E6E7 /* ViewController.swift */ = {isa = PBXFileReference; lastKnownFileType = sourcecode.swift; path = ViewController.swift; sourceTree = "<group>"; };
		A25348BB29D32DD40055E6E7 /* Base */ = {isa = PBXFileReference; lastKnownFileType = file.storyboard; name = Base; path = Base.lproj/Main.storyboard; sourceTree = "<group>"; };
		A25348BE29D32DD40055E6E7 /* weatherApp3.xcdatamodel */ = {isa = PBXFileReference; lastKnownFileType = wrapper.xcdatamodel; path = weatherApp3.xcdatamodel; sourceTree = "<group>"; };
		A25348C029D32DD40055E6E7 /* Assets.xcassets */ = {isa = PBXFileReference; lastKnownFileType = folder.assetcatalog; path = Assets.xcassets; sourceTree = "<group>"; };
		A25348C329D32DD40055E6E7 /* Base */ = {isa = PBXFileReference; lastKnownFileType = file.storyboard; name = Base; path = Base.lproj/LaunchScreen.storyboard; sourceTree = "<group>"; };
		A25348C529D32DD40055E6E7 /* Info.plist */ = {isa = PBXFileReference; lastKnownFileType = text.plist.xml; path = Info.plist; sourceTree = "<group>"; };
		A25348CC29D32F210055E6E7 /* disagnableView.swift */ = {isa = PBXFileReference; lastKnownFileType = sourcecode.swift; path = disagnableView.swift; sourceTree = "<group>"; };
		A25348CE29D32F2B0055E6E7 /* disagnableButton.swift */ = {isa = PBXFileReference; lastKnownFileType = sourcecode.swift; path = disagnableButton.swift; sourceTree = "<group>"; };
		A25348D129D32F420055E6E7 /* weatherApi.swift */ = {isa = PBXFileReference; lastKnownFileType = sourcecode.swift; path = weatherApi.swift; sourceTree = "<group>"; };
		A25348D329D32F4C0055E6E7 /* coreData.swift */ = {isa = PBXFileReference; lastKnownFileType = sourcecode.swift; path = coreData.swift; sourceTree = "<group>"; };
		A25348D529D32FD30055E6E7 /* weatherTableViewCell.swift */ = {isa = PBXFileReference; lastKnownFileType = sourcecode.swift; path = weatherTableViewCell.swift; sourceTree = "<group>"; };
		A25348D829D330070055E6E7 /* addCityViewController.swift */ = {isa = PBXFileReference; lastKnownFileType = sourcecode.swift; path = addCityViewController.swift; sourceTree = "<group>"; };
/* End PBXFileReference section */

/* Begin PBXFrameworksBuildPhase section */
		A25348AE29D32DD40055E6E7 /* Frameworks */ = {
			isa = PBXFrameworksBuildPhase;
			buildActionMask = 2147483647;
			files = (
			);
			runOnlyForDeploymentPostprocessing = 0;
		};
/* End PBXFrameworksBuildPhase section */

/* Begin PBXGroup section */
		A25348A829D32DD40055E6E7 = {
			isa = PBXGroup;
			children = (
				A25348B329D32DD40055E6E7 /* weatherApp3 */,
				A25348B229D32DD40055E6E7 /* Products */,
			);
			sourceTree = "<group>";
		};
		A25348B229D32DD40055E6E7 /* Products */ = {
			isa = PBXGroup;
			children = (
				A25348B129D32DD40055E6E7 /* weatherApp3.app */,
			);
			name = Products;
			sourceTree = "<group>";
		};
		A25348B329D32DD40055E6E7 /* weatherApp3 */ = {
			isa = PBXGroup;
			children = (
				A25348D729D32FE80055E6E7 /* controller */,
				A25348D029D32F360055E6E7 /* Model */,
				A25348CB29D32F090055E6E7 /* Disagnable */,
				A25348B429D32DD40055E6E7 /* AppDelegate.swift */,
				A25348B629D32DD40055E6E7 /* SceneDelegate.swift */,
				A25348BA29D32DD40055E6E7 /* Main.storyboard */,
				A25348C029D32DD40055E6E7 /* Assets.xcassets */,
				A25348C229D32DD40055E6E7 /* LaunchScreen.storyboard */,
				A25348C529D32DD40055E6E7 /* Info.plist */,
				A25348BD29D32DD40055E6E7 /* weatherApp3.xcdatamodeld */,
			);
			path = weatherApp3;
			sourceTree = "<group>";
		};
		A25348CB29D32F090055E6E7 /* Disagnable */ = {
			isa = PBXGroup;
			children = (
				A25348CC29D32F210055E6E7 /* disagnableView.swift */,
				A25348CE29D32F2B0055E6E7 /* disagnableButton.swift */,
			);
			path = Disagnable;
			sourceTree = "<group>";
		};
		A25348D029D32F360055E6E7 /* Model */ = {
			isa = PBXGroup;
			children = (
				A25348D129D32F420055E6E7 /* weatherApi.swift */,
				A25348D329D32F4C0055E6E7 /* coreData.swift */,
			);
			path = Model;
			sourceTree = "<group>";
		};
		A25348D729D32FE80055E6E7 /* controller */ = {
			isa = PBXGroup;
			children = (
				A25348D529D32FD30055E6E7 /* weatherTableViewCell.swift */,
				A25348B829D32DD40055E6E7 /* ViewController.swift */,
				A25348D829D330070055E6E7 /* addCityViewController.swift */,
			);
			path = controller;
			sourceTree = "<group>";
		};
/* End PBXGroup section */

/* Begin PBXNativeTarget section */
		A25348B029D32DD40055E6E7 /* weatherApp3 */ = {
			isa = PBXNativeTarget;
			buildConfigurationList = A25348C829D32DD40055E6E7 /* Build configuration list for PBXNativeTarget "weatherApp3" */;
			buildPhases = (
				A25348AD29D32DD40055E6E7 /* Sources */,
				A25348AE29D32DD40055E6E7 /* Frameworks */,
				A25348AF29D32DD40055E6E7 /* Resources */,
			);
			buildRules = (
			);
			dependencies = (
			);
			name = weatherApp3;
			productName = weatherApp3;
			productReference = A25348B129D32DD40055E6E7 /* weatherApp3.app */;
			productType = "com.apple.product-type.application";
		};
/* End PBXNativeTarget section */

/* Begin PBXProject section */
		A25348A929D32DD40055E6E7 /* Project object */ = {
			isa = PBXProject;
			attributes = {
				BuildIndependentTargetsInParallel = 1;
				LastSwiftUpdateCheck = 1420;
				LastUpgradeCheck = 1420;
				TargetAttributes = {
					A25348B029D32DD40055E6E7 = {
						CreatedOnToolsVersion = 14.2;
					};
				};
			};
			buildConfigurationList = A25348AC29D32DD40055E6E7 /* Build configuration list for PBXProject "weatherApp3" */;
			compatibilityVersion = "Xcode 14.0";
			developmentRegion = en;
			hasScannedForEncodings = 0;
			knownRegions = (
				en,
				Base,
			);
			mainGroup = A25348A829D32DD40055E6E7;
			productRefGroup = A25348B229D32DD40055E6E7 /* Products */;
			projectDirPath = "";
			projectRoot = "";
			targets = (
				A25348B029D32DD40055E6E7 /* weatherApp3 */,
			);
		};
/* End PBXProject section */

/* Begin PBXResourcesBuildPhase section */
		A25348AF29D32DD40055E6E7 /* Resources */ = {
			isa = PBXResourcesBuildPhase;
			buildActionMask = 2147483647;
			files = (
				A25348C429D32DD40055E6E7 /* LaunchScreen.storyboard in Resources */,
				A25348C129D32DD40055E6E7 /* Assets.xcassets in Resources */,
				A25348BC29D32DD40055E6E7 /* Main.storyboard in Resources */,
			);
			runOnlyForDeploymentPostprocessing = 0;
		};
/* End PBXResourcesBuildPhase section */

/* Begin PBXSourcesBuildPhase section */
		A25348AD29D32DD40055E6E7 /* Sources */ = {
			isa = PBXSourcesBuildPhase;
			buildActionMask = 2147483647;
			files = (
				A25348CD29D32F210055E6E7 /* disagnableView.swift in Sources */,
				A25348CF29D32F2B0055E6E7 /* disagnableButton.swift in Sources */,
				A25348D229D32F420055E6E7 /* weatherApi.swift in Sources */,
				A25348BF29D32DD40055E6E7 /* weatherApp3.xcdatamodeld in Sources */,
				A25348D429D32F4C0055E6E7 /* coreData.swift in Sources */,
				A25348B929D32DD40055E6E7 /* ViewController.swift in Sources */,
				A25348B529D32DD40055E6E7 /* AppDelegate.swift in Sources */,
				A25348D929D330070055E6E7 /* addCityViewController.swift in Sources */,
				A25348B729D32DD40055E6E7 /* SceneDelegate.swift in Sources */,
				A25348D629D32FD30055E6E7 /* weatherTableViewCell.swift in Sources */,
			);
			runOnlyForDeploymentPostprocessing = 0;
		};
/* End PBXSourcesBuildPhase section */

/* Begin PBXVariantGroup section */
		A25348BA29D32DD40055E6E7 /* Main.storyboard */ = {
			isa = PBXVariantGroup;
			children = (
				A25348BB29D32DD40055E6E7 /* Base */,
			);
			name = Main.storyboard;
			sourceTree = "<group>";
		};
		A25348C229D32DD40055E6E7 /* LaunchScreen.storyboard */ = {
			isa = PBXVariantGroup;
			children = (
				A25348C329D32DD40055E6E7 /* Base */,
			);
			name = LaunchScreen.storyboard;
			sourceTree = "<group>";
		};
/* End PBXVariantGroup section */

/* Begin XCBuildConfiguration section */
		A25348C629D32DD40055E6E7 /* Debug */ = {
			isa = XCBuildConfiguration;
			buildSettings = {
				ALWAYS_SEARCH_USER_PATHS = NO;
				CLANG_ANALYZER_NONNULL = YES;
				CLANG_ANALYZER_NUMBER_OBJECT_CONVERSION = YES_AGGRESSIVE;
				CLANG_CXX_LANGUAGE_STANDARD = "gnu++20";
				CLANG_ENABLE_MODULES = YES;
				CLANG_ENABLE_OBJC_ARC = YES;
				CLANG_ENABLE_OBJC_WEAK = YES;
				CLANG_WARN_BLOCK_CAPTURE_AUTORELEASING = YES;
				CLANG_WARN_BOOL_CONVERSION = YES;
				CLANG_WARN_COMMA = YES;
				CLANG_WARN_CONSTANT_CONVERSION = YES;
				CLANG_WARN_DEPRECATED_OBJC_IMPLEMENTATIONS = YES;
				CLANG_WARN_DIRECT_OBJC_ISA_USAGE = YES_ERROR;
				CLANG_WARN_DOCUMENTATION_COMMENTS = YES;
				CLANG_WARN_EMPTY_BODY = YES;
				CLANG_WARN_ENUM_CONVERSION = YES;
				CLANG_WARN_INFINITE_RECURSION = YES;
				CLANG_WARN_INT_CONVERSION = YES;
				CLANG_WARN_NON_LITERAL_NULL_CONVERSION = YES;
				CLANG_WARN_OBJC_IMPLICIT_RETAIN_SELF = YES;
				CLANG_WARN_OBJC_LITERAL_CONVERSION = YES;
				CLANG_WARN_OBJC_ROOT_CLASS = YES_ERROR;
				CLANG_WARN_QUOTED_INCLUDE_IN_FRAMEWORK_HEADER = YES;
				CLANG_WARN_RANGE_LOOP_ANALYSIS = YES;
				CLANG_WARN_STRICT_PROTOTYPES = YES;
				CLANG_WARN_SUSPICIOUS_MOVE = YES;
				CLANG_WARN_UNGUARDED_AVAILABILITY = YES_AGGRESSIVE;
				CLANG_WARN_UNREACHABLE_CODE = YES;
				CLANG_WARN__DUPLICATE_METHOD_MATCH = YES;
				COPY_PHASE_STRIP = NO;
				DEBUG_INFORMATION_FORMAT = dwarf;
				ENABLE_STRICT_OBJC_MSGSEND = YES;
				ENABLE_TESTABILITY = YES;
				GCC_C_LANGUAGE_STANDARD = gnu11;
				GCC_DYNAMIC_NO_PIC = NO;
				GCC_NO_COMMON_BLOCKS = YES;
				GCC_OPTIMIZATION_LEVEL = 0;
				GCC_PREPROCESSOR_DEFINITIONS = (
					"DEBUG=1",
					"$(inherited)",
				);
				GCC_WARN_64_TO_32_BIT_CONVERSION = YES;
				GCC_WARN_ABOUT_RETURN_TYPE = YES_ERROR;
				GCC_WARN_UNDECLARED_SELECTOR = YES;
				GCC_WARN_UNINITIALIZED_AUTOS = YES_AGGRESSIVE;
				GCC_WARN_UNUSED_FUNCTION = YES;
				GCC_WARN_UNUSED_VARIABLE = YES;
				IPHONEOS_DEPLOYMENT_TARGET = 16.2;
				MTL_ENABLE_DEBUG_INFO = INCLUDE_SOURCE;
				MTL_FAST_MATH = YES;
				ONLY_ACTIVE_ARCH = YES;
				SDKROOT = iphoneos;
				SWIFT_ACTIVE_COMPILATION_CONDITIONS = DEBUG;
				SWIFT_OPTIMIZATION_LEVEL = "-Onone";
			};
			name = Debug;
		};
		A25348C729D32DD40055E6E7 /* Release */ = {
			isa = XCBuildConfiguration;
			buildSettings = {
				ALWAYS_SEARCH_USER_PATHS = NO;
				CLANG_ANALYZER_NONNULL = YES;
				CLANG_ANALYZER_NUMBER_OBJECT_CONVERSION = YES_AGGRESSIVE;
				CLANG_CXX_LANGUAGE_STANDARD = "gnu++20";
				CLANG_ENABLE_MODULES = YES;
				CLANG_ENABLE_OBJC_ARC = YES;
				CLANG_ENABLE_OBJC_WEAK = YES;
				CLANG_WARN_BLOCK_CAPTURE_AUTORELEASING = YES;
				CLANG_WARN_BOOL_CONVERSION = YES;
				CLANG_WARN_COMMA = YES;
				CLANG_WARN_CONSTANT_CONVERSION = YES;
				CLANG_WARN_DEPRECATED_OBJC_IMPLEMENTATIONS = YES;
				CLANG_WARN_DIRECT_OBJC_ISA_USAGE = YES_ERROR;
				CLANG_WARN_DOCUMENTATION_COMMENTS = YES;
				CLANG_WARN_EMPTY_BODY = YES;
				CLANG_WARN_ENUM_CONVERSION = YES;
				CLANG_WARN_INFINITE_RECURSION = YES;
				CLANG_WARN_INT_CONVERSION = YES;
				CLANG_WARN_NON_LITERAL_NULL_CONVERSION = YES;
				CLANG_WARN_OBJC_IMPLICIT_RETAIN_SELF = YES;
				CLANG_WARN_OBJC_LITERAL_CONVERSION = YES;
				CLANG_WARN_OBJC_ROOT_CLASS = YES_ERROR;
				CLANG_WARN_QUOTED_INCLUDE_IN_FRAMEWORK_HEADER = YES;
				CLANG_WARN_RANGE_LOOP_ANALYSIS = YES;
				CLANG_WARN_STRICT_PROTOTYPES = YES;
				CLANG_WARN_SUSPICIOUS_MOVE = YES;
				CLANG_WARN_UNGUARDED_AVAILABILITY = YES_AGGRESSIVE;
				CLANG_WARN_UNREACHABLE_CODE = YES;
				CLANG_WARN__DUPLICATE_METHOD_MATCH = YES;
				COPY_PHASE_STRIP = NO;
				DEBUG_INFORMATION_FORMAT = "dwarf-with-dsym";
				ENABLE_NS_ASSERTIONS = NO;
				ENABLE_STRICT_OBJC_MSGSEND = YES;
				GCC_C_LANGUAGE_STANDARD = gnu11;
				GCC_NO_COMMON_BLOCKS = YES;
				GCC_WARN_64_TO_32_BIT_CONVERSION = YES;
				GCC_WARN_ABOUT_RETURN_TYPE = YES_ERROR;
				GCC_WARN_UNDECLARED_SELECTOR = YES;
				GCC_WARN_UNINITIALIZED_AUTOS = YES_AGGRESSIVE;
				GCC_WARN_UNUSED_FUNCTION = YES;
				GCC_WARN_UNUSED_VARIABLE = YES;
				IPHONEOS_DEPLOYMENT_TARGET = 16.2;
				MTL_ENABLE_DEBUG_INFO = NO;
				MTL_FAST_MATH = YES;
				SDKROOT = iphoneos;
				SWIFT_COMPILATION_MODE = wholemodule;
				SWIFT_OPTIMIZATION_LEVEL = "-O";
				VALIDATE_PRODUCT = YES;
			};
			name = Release;
		};
		A25348C929D32DD40055E6E7 /* Debug */ = {
			isa = XCBuildConfiguration;
			buildSettings = {
				ASSETCATALOG_COMPILER_APPICON_NAME = AppIcon;
				ASSETCATALOG_COMPILER_GLOBAL_ACCENT_COLOR_NAME = AccentColor;
				CODE_SIGN_STYLE = Automatic;
				CURRENT_PROJECT_VERSION = 1;
				DEVELOPMENT_TEAM = RN3SC24S4G;
				GENERATE_INFOPLIST_FILE = YES;
				INFOPLIST_FILE = weatherApp3/Info.plist;
				INFOPLIST_KEY_UIApplicationSupportsIndirectInputEvents = YES;
				INFOPLIST_KEY_UILaunchStoryboardName = LaunchScreen;
				INFOPLIST_KEY_UIMainStoryboardFile = Main;
				INFOPLIST_KEY_UISupportedInterfaceOrientations_iPad = "UIInterfaceOrientationPortrait UIInterfaceOrientationPortraitUpsideDown UIInterfaceOrientationLandscapeLeft UIInterfaceOrientationLandscapeRight";
				INFOPLIST_KEY_UISupportedInterfaceOrientations_iPhone = "UIInterfaceOrientationPortrait UIInterfaceOrientationLandscapeLeft UIInterfaceOrientationLandscapeRight";
				LD_RUNPATH_SEARCH_PATHS = (
					"$(inherited)",
					"@executable_path/Frameworks",
				);
				MARKETING_VERSION = 1.0;
				PRODUCT_BUNDLE_IDENTIFIER = com.alperenkavuk.weatherApp3;
				PRODUCT_NAME = "$(TARGET_NAME)";
				SWIFT_EMIT_LOC_STRINGS = YES;
				SWIFT_VERSION = 5.0;
				TARGETED_DEVICE_FAMILY = "1,2";
			};
			name = Debug;
		};
		A25348CA29D32DD40055E6E7 /* Release */ = {
			isa = XCBuildConfiguration;
			buildSettings = {
				ASSETCATALOG_COMPILER_APPICON_NAME = AppIcon;
				ASSETCATALOG_COMPILER_GLOBAL_ACCENT_COLOR_NAME = AccentColor;
				CODE_SIGN_STYLE = Automatic;
				CURRENT_PROJECT_VERSION = 1;
				DEVELOPMENT_TEAM = RN3SC24S4G;
				GENERATE_INFOPLIST_FILE = YES;
				INFOPLIST_FILE = weatherApp3/Info.plist;
				INFOPLIST_KEY_UIApplicationSupportsIndirectInputEvents = YES;
				INFOPLIST_KEY_UILaunchStoryboardName = LaunchScreen;
				INFOPLIST_KEY_UIMainStoryboardFile = Main;
				INFOPLIST_KEY_UISupportedInterfaceOrientations_iPad = "UIInterfaceOrientationPortrait UIInterfaceOrientationPortraitUpsideDown UIInterfaceOrientationLandscapeLeft UIInterfaceOrientationLandscapeRight";
				INFOPLIST_KEY_UISupportedInterfaceOrientations_iPhone = "UIInterfaceOrientationPortrait UIInterfaceOrientationLandscapeLeft UIInterfaceOrientationLandscapeRight";
				LD_RUNPATH_SEARCH_PATHS = (
					"$(inherited)",
					"@executable_path/Frameworks",
				);
				MARKETING_VERSION = 1.0;
				PRODUCT_BUNDLE_IDENTIFIER = com.alperenkavuk.weatherApp3;
				PRODUCT_NAME = "$(TARGET_NAME)";
				SWIFT_EMIT_LOC_STRINGS = YES;
				SWIFT_VERSION = 5.0;
				TARGETED_DEVICE_FAMILY = "1,2";
			};
			name = Release;
		};
/* End XCBuildConfiguration section */

/* Begin XCConfigurationList section */
		A25348AC29D32DD40055E6E7 /* Build configuration list for PBXProject "weatherApp3" */ = {
			isa = XCConfigurationList;
			buildConfigurations = (
				A25348C629D32DD40055E6E7 /* Debug */,
				A25348C729D32DD40055E6E7 /* Release */,
			);
			defaultConfigurationIsVisible = 0;
			defaultConfigurationName = Release;
		};
		A25348C829D32DD40055E6E7 /* Build configuration list for PBXNativeTarget "weatherApp3" */ = {
			isa = XCConfigurationList;
			buildConfigurations = (
				A25348C929D32DD40055E6E7 /* Debug */,
				A25348CA29D32DD40055E6E7 /* Release */,
			);
			defaultConfigurationIsVisible = 0;
			defaultConfigurationName = Release;
		};
/* End XCConfigurationList section */

/* Begin XCVersionGroup section */
		A25348BD29D32DD40055E6E7 /* weatherApp3.xcdatamodeld */ = {
			isa = XCVersionGroup;
			children = (
				A25348BE29D32DD40055E6E7 /* weatherApp3.xcdatamodel */,
			);
			currentVersion = A25348BE29D32DD40055E6E7 /* weatherApp3.xcdatamodel */;
			path = weatherApp3.xcdatamodeld;
			sourceTree = "<group>";
			versionGroupType = wrapper.xcdatamodel;
		};
/* End XCVersionGroup section */
	};
	rootObject = A25348A929D32DD40055E6E7 /* Project object */;
}
